
Microsoft Visual Studio Solution File, Format Version 12.00
# Visual Studio 15
VisualStudioVersion = 15.0.26730.15
MinimumVisualStudioVersion = 10.0.40219.1
Project("{FAE04EC0-301F-11D3-BF4B-00C04F79EFBC}") = "EzollutionPro", "EzollutionPro\EzollutionPro.csproj", "{30AE280D-2D18-4775-839C-07FA2B43922B}"
EndProject
Project("{FAE04EC0-301F-11D3-BF4B-00C04F79EFBC}") = "EzollutionPro_BAL", "EzollutionPro_BAL\EzollutionPro_BAL.csproj", "{53C9C04F-5265-46F8-8FB1-B0411259CDD5}"
EndProject
Project("{FAE04EC0-301F-11D3-BF4B-00C04F79EFBC}") = "EzollutionPro_DAL", "EzollutionPro_DAL\EzollutionPro_DAL.csproj", "{E9AAA690-0452-465F-881D-70098E7C135E}"
EndProject
Project("{FAE04EC0-301F-11D3-BF4B-00C04F79EFBC}") = "ZZDB_APP", "DB_APP\ZZDB_APP.csproj", "{DD4592B0-0796-4744-AFC1-6BC304BF27A9}"
EndProject
Global
	GlobalSection(SolutionConfigurationPlatforms) = preSolution
		Debug|Any CPU = Debug|Any CPU
		Release|Any CPU = Release|Any CPU
	EndGlobalSection
	GlobalSection(ProjectConfigurationPlatforms) = postSolution
		{30AE280D-2D18-4775-839C-07FA2B43922B}.Debug|Any CPU.ActiveCfg = Debug|Any CPU
		{30AE280D-2D18-4775-839C-07FA2B43922B}.Debug|Any CPU.Build.0 = Debug|Any CPU
		{30AE280D-2D18-4775-839C-07FA2B43922B}.Release|Any CPU.ActiveCfg = Release|Any CPU
		{30AE280D-2D18-4775-839C-07FA2B43922B}.Release|Any CPU.Build.0 = Release|Any CPU
		{53C9C04F-5265-46F8-8FB1-B0411259CDD5}.Debug|Any CPU.ActiveCfg = Debug|Any CPU
		{53C9C04F-5265-46F8-8FB1-B0411259CDD5}.Debug|Any CPU.Build.0 = Debug|Any CPU
		{53C9C04F-5265-46F8-8FB1-B0411259CDD5}.Release|Any CPU.ActiveCfg = Release|Any CPU
		{53C9C04F-5265-46F8-8FB1-B0411259CDD5}.Release|Any CPU.Build.0 = Release|Any CPU
		{E9AAA690-0452-465F-881D-70098E7C135E}.Debug|Any CPU.ActiveCfg = Debug|Any CPU
		{E9AAA690-0452-465F-881D-70098E7C135E}.Debug|Any CPU.Build.0 = Debug|Any CPU
		{E9AAA690-0452-465F-881D-70098E7C135E}.Release|Any CPU.ActiveCfg = Release|Any CPU
		{E9AAA690-0452-465F-881D-70098E7C135E}.Release|Any CPU.Build.0 = Release|Any CPU
		{DD4592B0-0796-4744-AFC1-6BC304BF27A9}.Debug|Any CPU.ActiveCfg = Debug|Any CPU
		{DD4592B0-0796-4744-AFC1-6BC304BF27A9}.Debug|Any CPU.Build.0 = Debug|Any CPU
		{DD4592B0-0796-4744-AFC1-6BC304BF27A9}.Release|Any CPU.ActiveCfg = Release|Any CPU
		{DD4592B0-0796-4744-AFC1-6BC304BF27A9}.Release|Any CPU.Build.0 = Release|Any CPU
	EndGlobalSection
	GlobalSection(SolutionProperties) = preSolution
		HideSolutionNode = FALSE
	EndGlobalSection
	GlobalSection(ExtensibilityGlobals) = postSolution
		SolutionGuid = {3A5AAA33-0AF7-4413-B9EE-18B0F829D631}
	EndGlobalSection
	GlobalSection(TeamFoundationVersionControl) = preSolution
		SccNumberOfProjects = 5
		SccEnterpriseProvider = {4CA58AB2-18FA-4F8D-95D4-32DDF27D184C}
		SccTeamFoundationServer = https://pssblog.visualstudio.com/
		SccLocalPath0 = .
		SccProjectUniqueName1 = EzollutionPro\\EzollutionPro.csproj
		SccProjectName1 = EzollutionPro
		SccLocalPath1 = EzollutionPro
		SccProjectUniqueName2 = EzollutionPro_BAL\\EzollutionPro_BAL.csproj
		SccProjectName2 = EzollutionPro_BAL
		SccLocalPath2 = EzollutionPro_BAL
		SccProjectUniqueName3 = EzollutionPro_DAL\\EzollutionPro_DAL.csproj
		SccProjectName3 = EzollutionPro_DAL
		SccLocalPath3 = EzollutionPro_DAL
		SccProjectUniqueName4 = DB_APP\\ZZDB_APP.csproj
		SccProjectName4 = DB_APP
		SccLocalPath4 = DB_APP
	EndGlobalSection
EndGlobal
